
Microsoft Visual Studio Solution File, Format Version 12.00
# Visual Studio Version 17
VisualStudioVersion = 17.2.32526.322
MinimumVisualStudioVersion = 10.0.40219.1
Project("{FAE04EC0-301F-11D3-BF4B-00C04F79EFBC}") = "Bilgi Yarışması", "Bilgi Yarışması.csproj", "{360EA8B5-D5AE-4A0F-A618-A98519CE60B6}"
EndProject
Global
	GlobalSection(SolutionConfigurationPlatforms) = preSolution
		Debug|Any CPU = Debug|Any CPU
		Release|Any CPU = Release|Any CPU
	EndGlobalSection
	GlobalSection(ProjectConfigurationPlatforms) = postSolution
		{360EA8B5-D5AE-4A0F-A618-A98519CE60B6}.Debug|Any CPU.ActiveCfg = Debug|Any CPU
		{360EA8B5-D5AE-4A0F-A618-A98519CE60B6}.Debug|Any CPU.Build.0 = Debug|Any CPU
		{360EA8B5-D5AE-4A0F-A618-A98519CE60B6}.Release|Any CPU.ActiveCfg = Release|Any CPU
		{360EA8B5-D5AE-4A0F-A618-A98519CE60B6}.Release|Any CPU.Build.0 = Release|Any CPU
	EndGlobalSection
	GlobalSection(SolutionProperties) = preSolution
		HideSolutionNode = FALSE
	EndGlobalSection
	GlobalSection(ExtensibilityGlobals) = postSolution
		SolutionGuid = {378018F5-4BDB-4680-B14C-9BDD47F2B7FC}
	EndGlobalSection
EndGlobal
